# THIS IS AN AUTOGENERATED FILE. DO NOT EDIT THIS FILE DIRECTLY.
# yarn lockfile v1


"@most/create@^2.0.1":
  version "2.0.1"
  resolved "https://artifactory.int.sofort.io:443/artifactory/api/npm/vNpm/@most/create/-/create-2.0.1.tgz#29156589638fa4ed12620203c7a698d6951a348f"
  dependencies:
    "@most/multicast" "^1.2.4"

"@most/multicast@^1.2.4", "@most/multicast@^1.2.5":
  version "1.2.5"
  resolved "https://artifactory.int.sofort.io:443/artifactory/api/npm/vNpm/@most/multicast/-/multicast-1.2.5.tgz#ba5abc997f9a6511094bec117914f4959720a8fb"
  dependencies:
    "@most/prelude" "^1.4.0"

"@most/prelude@^1.4.0":
  version "1.6.4"
  resolved "https://artifactory.int.sofort.io:443/artifactory/api/npm/vNpm/@most/prelude/-/prelude-1.6.4.tgz#254ab6e22c0d4e7cb19e6ec1c966b75f57317f25"

async@^2.5.0:
  version "2.5.0"
  resolved "https://artifactory.int.sofort.io:443/artifactory/api/npm/vNpm/async/-/async-2.5.0.tgz#843190fd6b7357a0b9e1c956edddd5ec8462b54d"
  dependencies:
    lodash "^4.14.0"

bluebird@^3.5.0:
  version "3.5.0"
  resolved "https://artifactory.int.sofort.io:443/artifactory/api/npm/vNpm/bluebird/-/bluebird-3.5.0.tgz#791420d7f551eea2897453a8a77653f96606d67c"

cross-spawn@^5.0.1:
  version "5.1.0"
  resolved "https://artifactory.int.sofort.io:443/artifactory/api/npm/vNpm/cross-spawn/-/cross-spawn-5.1.0.tgz#e8bd0efee58fcff6f8f94510a0a554bbfa235449"
  dependencies:
    lru-cache "^4.0.1"
    shebang-command "^1.2.0"
    which "^1.2.9"

data.task@^3.1.1:
  version "3.1.1"
  resolved "https://artifactory.int.sofort.io:443/artifactory/api/npm/vNpm/data.task/-/data.task-3.1.1.tgz#e985f5bedadd926b2d63c1a5d2076cff917a52ad"

execa@^0.8.0:
  version "0.8.0"
  resolved "https://artifactory.int.sofort.io:443/artifactory/api/npm/vNpm/execa/-/execa-0.8.0.tgz#d8d76bbc1b55217ed190fd6dd49d3c774ecfc8da"
  dependencies:
    cross-spawn "^5.0.1"
    get-stream "^3.0.0"
    is-stream "^1.1.0"
    npm-run-path "^2.0.0"
    p-finally "^1.0.0"
    signal-exit "^3.0.0"
    strip-eof "^1.0.0"

folktale@^2.0.1:
  version "2.0.1"
  resolved "https://artifactory.int.sofort.io:443/artifactory/api/npm/vNpm/folktale/-/folktale-2.0.1.tgz#6dc26a65565aefdef9520223e022dddf5b8d8462"

fs-extra@^4.0.1:
  version "4.0.1"
  resolved "https://artifactory.int.sofort.io:443/artifactory/api/npm/vNpm/fs-extra/-/fs-extra-4.0.1.tgz#7fc0c6c8957f983f57f306a24e5b9ddd8d0dd880"
  dependencies:
    graceful-fs "^4.1.2"
    jsonfile "^3.0.0"
    universalify "^0.1.0"

get-stream@^3.0.0:
  version "3.0.0"
  resolved "https://artifactory.int.sofort.io:443/artifactory/api/npm/vNpm/get-stream/-/get-stream-3.0.0.tgz#8e943d1358dc37555054ecbe2edb05aa174ede14"

graceful-fs@^4.1.2, graceful-fs@^4.1.6:
  version "4.1.11"
  resolved "https://artifactory.int.sofort.io:443/artifactory/api/npm/vNpm/graceful-fs/-/graceful-fs-4.1.11.tgz#0e8bdfe4d1ddb8854d64e04ea7c00e2a026e5658"

is-stream@^1.1.0:
  version "1.1.0"
  resolved "https://artifactory.int.sofort.io:443/artifactory/api/npm/vNpm/is-stream/-/is-stream-1.1.0.tgz#12d4a3dd4e68e0b79ceb8dbc84173ae80d91ca44"

isexe@^2.0.0:
  version "2.0.0"
  resolved "https://artifactory.int.sofort.io:443/artifactory/api/npm/vNpm/isexe/-/isexe-2.0.0.tgz#e8fbf374dc556ff8947a10dcb0572d633f2cfa10"

jsonfile@^3.0.0:
  version "3.0.1"
  resolved "https://artifactory.int.sofort.io:443/artifactory/api/npm/vNpm/jsonfile/-/jsonfile-3.0.1.tgz#a5ecc6f65f53f662c4415c7675a0331d0992ec66"
  optionalDependencies:
    graceful-fs "^4.1.6"

lodash@^4.14.0:
  version "4.17.4"
  resolved "https://artifactory.int.sofort.io:443/artifactory/api/npm/vNpm/lodash/-/lodash-4.17.4.tgz#78203a4d1c328ae1d86dca6460e369b57f4055ae"

lru-cache@^4.0.1:
  version "4.1.1"
  resolved "https://artifactory.int.sofort.io:443/artifactory/api/npm/vNpm/lru-cache/-/lru-cache-4.1.1.tgz#622e32e82488b49279114a4f9ecf45e7cd6bba55"
  dependencies:
    pseudomap "^1.0.2"
    yallist "^2.1.2"

most@^1.7.0:
  version "1.7.0"
  resolved "https://artifactory.int.sofort.io:443/artifactory/api/npm/vNpm/most/-/most-1.7.0.tgz#3f2478a5d6bf6bce687e6e4d8e973ca1a395cd1a"
  dependencies:
    "@most/multicast" "^1.2.5"
    "@most/prelude" "^1.4.0"
    symbol-observable "^1.0.2"

npm-run-path@^2.0.0:
  version "2.0.2"
  resolved "https://artifactory.int.sofort.io:443/artifactory/api/npm/vNpm/npm-run-path/-/npm-run-path-2.0.2.tgz#35a9232dfa35d7067b4cb2ddf2357b1871536c5f"
  dependencies:
    path-key "^2.0.0"

p-finally@^1.0.0:
  version "1.0.0"
  resolved "https://artifactory.int.sofort.io:443/artifactory/api/npm/vNpm/p-finally/-/p-finally-1.0.0.tgz#3fbcfb15b899a44123b34b6dcc18b724336a2cae"

paralleljs@^0.2.1:
  version "0.2.1"
  resolved "https://artifactory.int.sofort.io:443/artifactory/api/npm/vNpm/paralleljs/-/paralleljs-0.2.1.tgz#ebca745d3e09c01e2bebcc14858891ff4510e926"

path-key@^2.0.0:
  version "2.0.1"
  resolved "https://artifactory.int.sofort.io:443/artifactory/api/npm/vNpm/path-key/-/path-key-2.0.1.tgz#411cadb574c5a140d3a4b1910d40d80cc9f40b40"

pseudomap@^1.0.2:
  version "1.0.2"
  resolved "https://artifactory.int.sofort.io:443/artifactory/api/npm/vNpm/pseudomap/-/pseudomap-1.0.2.tgz#f052a28da70e618917ef0a8ac34c1ae5a68286b3"

ramda@^0.24.1:
  version "0.24.1"
  resolved "https://artifactory.int.sofort.io:443/artifactory/api/npm/vNpm/ramda/-/ramda-0.24.1.tgz#c3b7755197f35b8dc3502228262c4c91ddb6b857"

sanctuary-def@0.12.1:
  version "0.12.1"
  resolved "https://artifactory.int.sofort.io:443/artifactory/api/npm/vNpm/sanctuary-def/-/sanctuary-def-0.12.1.tgz#bb9b2ad9407b1519d1ee61fd293b24e86a2044b3"
  dependencies:
    sanctuary-type-classes "6.0.x"
    sanctuary-type-identifiers "2.0.x"

sanctuary-type-classes@6.0.0, sanctuary-type-classes@6.0.x:
  version "6.0.0"
  resolved "https://artifactory.int.sofort.io:443/artifactory/api/npm/vNpm/sanctuary-type-classes/-/sanctuary-type-classes-6.0.0.tgz#1db3f8c1247de018471e978fe4956a03eb62f464"
  dependencies:
    sanctuary-type-identifiers "1.0.x"

sanctuary-type-identifiers@1.0.x:
  version "1.0.0"
  resolved "https://artifactory.int.sofort.io:443/artifactory/api/npm/vNpm/sanctuary-type-identifiers/-/sanctuary-type-identifiers-1.0.0.tgz#e8f359f006cb5e624cfb8464603fc114608bde9f"

sanctuary-type-identifiers@2.0.1, sanctuary-type-identifiers@2.0.x:
  version "2.0.1"
  resolved "https://artifactory.int.sofort.io:443/artifactory/api/npm/vNpm/sanctuary-type-identifiers/-/sanctuary-type-identifiers-2.0.1.tgz#fc524cf6dd92cebfcbb0dd9509eff193159a20ed"

sanctuary@^0.13.2:
  version "0.13.2"
  resolved "https://artifactory.int.sofort.io:443/artifactory/api/npm/vNpm/sanctuary/-/sanctuary-0.13.2.tgz#ed1c9c2f2b1745d659ee3457954c8b1154f8d4a8"
  dependencies:
    sanctuary-def "0.12.1"
    sanctuary-type-classes "6.0.0"
    sanctuary-type-identifiers "2.0.1"

shebang-command@^1.2.0:
  version "1.2.0"
  resolved "https://artifactory.int.sofort.io:443/artifactory/api/npm/vNpm/shebang-command/-/shebang-command-1.2.0.tgz#44aac65b695b03398968c39f363fee5deafdf1ea"
  dependencies:
    shebang-regex "^1.0.0"

shebang-regex@^1.0.0:
  version "1.0.0"
  resolved "https://artifactory.int.sofort.io:443/artifactory/api/npm/vNpm/shebang-regex/-/shebang-regex-1.0.0.tgz#da42f49740c0b42db2ca9728571cb190c98efea3"

signal-exit@^3.0.0:
  version "3.0.2"
  resolved "https://artifactory.int.sofort.io:443/artifactory/api/npm/vNpm/signal-exit/-/signal-exit-3.0.2.tgz#b5fdc08f1287ea1178628e415e25132b73646c6d"

strip-eof@^1.0.0:
  version "1.0.0"
  resolved "https://artifactory.int.sofort.io:443/artifactory/api/npm/vNpm/strip-eof/-/strip-eof-1.0.0.tgz#bb43ff5598a6eb05d89b59fcd129c983313606bf"

symbol-observable@^1.0.2:
  version "1.0.4"
  resolved "https://artifactory.int.sofort.io:443/artifactory/api/npm/vNpm/symbol-observable/-/symbol-observable-1.0.4.tgz#29bf615d4aa7121bdd898b22d4b3f9bc4e2aa03d"

universalify@^0.1.0:
  version "0.1.1"
  resolved "https://artifactory.int.sofort.io:443/artifactory/api/npm/vNpm/universalify/-/universalify-0.1.1.tgz#fa71badd4437af4c148841e3b3b165f9e9e590b7"

which@^1.2.9:
  version "1.3.0"
  resolved "https://artifactory.int.sofort.io:443/artifactory/api/npm/vNpm/which/-/which-1.3.0.tgz#ff04bdfc010ee547d780bec38e1ac1c2777d253a"
  dependencies:
    isexe "^2.0.0"

yallist@^2.1.2:
  version "2.1.2"
  resolved "https://artifactory.int.sofort.io:443/artifactory/api/npm/vNpm/yallist/-/yallist-2.1.2.tgz#1c11f9218f076089a47dd512f93c6699a6a81d52"
